
Microsoft Visual Studio Solution File, Format Version 12.00
# Visual Studio Version 17
VisualStudioVersion = 17.1.32328.378
MinimumVisualStudioVersion = 10.0.40219.1
Project("{2150E333-8FDC-42A3-9474-1A3956D46DE8}") = "src", "src", "{D3B2F378-026B-409A-ADD2-2D8AEA18C8F7}"
EndProject
Project("{2150E333-8FDC-42A3-9474-1A3956D46DE8}") = "ApiGateway", "ApiGateway", "{C2A714C7-42EF-4883-90AB-04A6AF52DAAB}"
EndProject
Project("{2150E333-8FDC-42A3-9474-1A3956D46DE8}") = "Services", "Services", "{D1F34CFE-2816-48CF-B01B-C32FFA76C090}"
EndProject
Project("{2150E333-8FDC-42A3-9474-1A3956D46DE8}") = "Category", "Category", "{775B27CB-6694-465D-ABBD-A8DB70CF3F9D}"
EndProject
Project("{9A19103F-16F7-4668-BE54-9A1E7A4F7556}") = "Category.Business", "Category.Business\Category.Business.csproj", "{49624D76-7B59-4DB6-8869-2D4CDA97F3B8}"
EndProject
Project("{9A19103F-16F7-4668-BE54-9A1E7A4F7556}") = "Category.Entities", "Category.Entities\Category.Entities.csproj", "{964428C8-DC52-45D5-8CB6-74431B86ED38}"
EndProject
Project("{9A19103F-16F7-4668-BE54-9A1E7A4F7556}") = "Category.Data", "Category.Data\Category.Data.csproj", "{7618A3B0-51B5-44FD-833F-3F50D760AC67}"
EndProject
Project("{9A19103F-16F7-4668-BE54-9A1E7A4F7556}") = "Category.Common", "Category.Common\Category.Common.csproj", "{CE7B2D54-B99C-4B10-BADF-C8157AA6776D}"
EndProject
Project("{2150E333-8FDC-42A3-9474-1A3956D46DE8}") = "Application", "Application", "{522CCDB0-D8E3-4654-B490-5AFCFF2600BC}"
EndProject
Project("{9A19103F-16F7-4668-BE54-9A1E7A4F7556}") = "TandGSample.Common", "TandGSample.Common\TandGSample.Common.csproj", "{CA185462-2E2F-46B7-99BA-3266CF997B03}"
EndProject
Project("{9A19103F-16F7-4668-BE54-9A1E7A4F7556}") = "Category.Api", "Category.Api\Category.Api.csproj", "{76C2134C-0D2B-4586-A0A6-8285A742118F}"
EndProject
Project("{2150E333-8FDC-42A3-9474-1A3956D46DE8}") = "Product", "Product", "{2CC9D595-8297-4882-8643-0063EFA6E5E3}"
EndProject
Project("{FAE04EC0-301F-11D3-BF4B-00C04F79EFBC}") = "Product.Entities", "Product.Entities\Product.Entities.csproj", "{BFBD665A-1F6D-4734-999D-DE583D9B9509}"
EndProject
Project("{FAE04EC0-301F-11D3-BF4B-00C04F79EFBC}") = "Product.Data", "Product.Data\Product.Data.csproj", "{505C1ACA-D8F1-4077-B64B-77D23297F59E}"
EndProject
Project("{FAE04EC0-301F-11D3-BF4B-00C04F79EFBC}") = "Product.Business", "Product.Business\Product.Business.csproj", "{8AF82CFA-E50C-4A7D-A162-1AB1309D206F}"
EndProject
Project("{FAE04EC0-301F-11D3-BF4B-00C04F79EFBC}") = "Product.Common", "Product.Common\Product.Common.csproj", "{EE25AA54-14EA-4C9F-8D0A-42D471BD87E8}"
EndProject
Project("{FAE04EC0-301F-11D3-BF4B-00C04F79EFBC}") = "Product.Api", "Product.Api\Product.Api.csproj", "{1B1C5F5C-0EB3-4BA3-994B-2B9F61EDE234}"
EndProject
Project("{FAE04EC0-301F-11D3-BF4B-00C04F79EFBC}") = "TandGSample.ApiGateway", "TandGSample.ApiGateway\TandGSample.ApiGateway.csproj", "{950510C1-3C8F-4BA7-9DE3-0E3AB80741C8}"
EndProject
Project("{2150E333-8FDC-42A3-9474-1A3956D46DE8}") = "Web", "Web", "{1DCE821B-5D76-4AC6-B322-9B5F99856849}"
EndProject
Project("{FAE04EC0-301F-11D3-BF4B-00C04F79EFBC}") = "TandGSample.Web", "TandGSample.Web\TandGSample.Web.csproj", "{0AB5A9D0-D76D-4280-B68F-6C2B4E3ACCF7}"
EndProject
Global
	GlobalSection(SolutionConfigurationPlatforms) = preSolution
		Debug|Any CPU = Debug|Any CPU
		Release|Any CPU = Release|Any CPU
	EndGlobalSection
	GlobalSection(ProjectConfigurationPlatforms) = postSolution
		{49624D76-7B59-4DB6-8869-2D4CDA97F3B8}.Debug|Any CPU.ActiveCfg = Debug|Any CPU
		{49624D76-7B59-4DB6-8869-2D4CDA97F3B8}.Debug|Any CPU.Build.0 = Debug|Any CPU
		{49624D76-7B59-4DB6-8869-2D4CDA97F3B8}.Release|Any CPU.ActiveCfg = Release|Any CPU
		{49624D76-7B59-4DB6-8869-2D4CDA97F3B8}.Release|Any CPU.Build.0 = Release|Any CPU
		{964428C8-DC52-45D5-8CB6-74431B86ED38}.Debug|Any CPU.ActiveCfg = Debug|Any CPU
		{964428C8-DC52-45D5-8CB6-74431B86ED38}.Debug|Any CPU.Build.0 = Debug|Any CPU
		{964428C8-DC52-45D5-8CB6-74431B86ED38}.Release|Any CPU.ActiveCfg = Release|Any CPU
		{964428C8-DC52-45D5-8CB6-74431B86ED38}.Release|Any CPU.Build.0 = Release|Any CPU
		{7618A3B0-51B5-44FD-833F-3F50D760AC67}.Debug|Any CPU.ActiveCfg = Debug|Any CPU
		{7618A3B0-51B5-44FD-833F-3F50D760AC67}.Debug|Any CPU.Build.0 = Debug|Any CPU
		{7618A3B0-51B5-44FD-833F-3F50D760AC67}.Release|Any CPU.ActiveCfg = Release|Any CPU
		{7618A3B0-51B5-44FD-833F-3F50D760AC67}.Release|Any CPU.Build.0 = Release|Any CPU
		{CE7B2D54-B99C-4B10-BADF-C8157AA6776D}.Debug|Any CPU.ActiveCfg = Debug|Any CPU
		{CE7B2D54-B99C-4B10-BADF-C8157AA6776D}.Debug|Any CPU.Build.0 = Debug|Any CPU
		{CE7B2D54-B99C-4B10-BADF-C8157AA6776D}.Release|Any CPU.ActiveCfg = Release|Any CPU
		{CE7B2D54-B99C-4B10-BADF-C8157AA6776D}.Release|Any CPU.Build.0 = Release|Any CPU
		{CA185462-2E2F-46B7-99BA-3266CF997B03}.Debug|Any CPU.ActiveCfg = Debug|Any CPU
		{CA185462-2E2F-46B7-99BA-3266CF997B03}.Debug|Any CPU.Build.0 = Debug|Any CPU
		{CA185462-2E2F-46B7-99BA-3266CF997B03}.Release|Any CPU.ActiveCfg = Release|Any CPU
		{CA185462-2E2F-46B7-99BA-3266CF997B03}.Release|Any CPU.Build.0 = Release|Any CPU
		{76C2134C-0D2B-4586-A0A6-8285A742118F}.Debug|Any CPU.ActiveCfg = Debug|Any CPU
		{76C2134C-0D2B-4586-A0A6-8285A742118F}.Debug|Any CPU.Build.0 = Debug|Any CPU
		{76C2134C-0D2B-4586-A0A6-8285A742118F}.Release|Any CPU.ActiveCfg = Release|Any CPU
		{76C2134C-0D2B-4586-A0A6-8285A742118F}.Release|Any CPU.Build.0 = Release|Any CPU
		{BFBD665A-1F6D-4734-999D-DE583D9B9509}.Debug|Any CPU.ActiveCfg = Debug|Any CPU
		{BFBD665A-1F6D-4734-999D-DE583D9B9509}.Debug|Any CPU.Build.0 = Debug|Any CPU
		{BFBD665A-1F6D-4734-999D-DE583D9B9509}.Release|Any CPU.ActiveCfg = Release|Any CPU
		{BFBD665A-1F6D-4734-999D-DE583D9B9509}.Release|Any CPU.Build.0 = Release|Any CPU
		{505C1ACA-D8F1-4077-B64B-77D23297F59E}.Debug|Any CPU.ActiveCfg = Debug|Any CPU
		{505C1ACA-D8F1-4077-B64B-77D23297F59E}.Debug|Any CPU.Build.0 = Debug|Any CPU
		{505C1ACA-D8F1-4077-B64B-77D23297F59E}.Release|Any CPU.ActiveCfg = Release|Any CPU
		{505C1ACA-D8F1-4077-B64B-77D23297F59E}.Release|Any CPU.Build.0 = Release|Any CPU
		{8AF82CFA-E50C-4A7D-A162-1AB1309D206F}.Debug|Any CPU.ActiveCfg = Debug|Any CPU
		{8AF82CFA-E50C-4A7D-A162-1AB1309D206F}.Debug|Any CPU.Build.0 = Debug|Any CPU
		{8AF82CFA-E50C-4A7D-A162-1AB1309D206F}.Release|Any CPU.ActiveCfg = Release|Any CPU
		{8AF82CFA-E50C-4A7D-A162-1AB1309D206F}.Release|Any CPU.Build.0 = Release|Any CPU
		{EE25AA54-14EA-4C9F-8D0A-42D471BD87E8}.Debug|Any CPU.ActiveCfg = Debug|Any CPU
		{EE25AA54-14EA-4C9F-8D0A-42D471BD87E8}.Debug|Any CPU.Build.0 = Debug|Any CPU
		{EE25AA54-14EA-4C9F-8D0A-42D471BD87E8}.Release|Any CPU.ActiveCfg = Release|Any CPU
		{EE25AA54-14EA-4C9F-8D0A-42D471BD87E8}.Release|Any CPU.Build.0 = Release|Any CPU
		{1B1C5F5C-0EB3-4BA3-994B-2B9F61EDE234}.Debug|Any CPU.ActiveCfg = Debug|Any CPU
		{1B1C5F5C-0EB3-4BA3-994B-2B9F61EDE234}.Debug|Any CPU.Build.0 = Debug|Any CPU
		{1B1C5F5C-0EB3-4BA3-994B-2B9F61EDE234}.Release|Any CPU.ActiveCfg = Release|Any CPU
		{1B1C5F5C-0EB3-4BA3-994B-2B9F61EDE234}.Release|Any CPU.Build.0 = Release|Any CPU
		{950510C1-3C8F-4BA7-9DE3-0E3AB80741C8}.Debug|Any CPU.ActiveCfg = Debug|Any CPU
		{950510C1-3C8F-4BA7-9DE3-0E3AB80741C8}.Debug|Any CPU.Build.0 = Debug|Any CPU
		{950510C1-3C8F-4BA7-9DE3-0E3AB80741C8}.Release|Any CPU.ActiveCfg = Release|Any CPU
		{950510C1-3C8F-4BA7-9DE3-0E3AB80741C8}.Release|Any CPU.Build.0 = Release|Any CPU
		{0AB5A9D0-D76D-4280-B68F-6C2B4E3ACCF7}.Debug|Any CPU.ActiveCfg = Debug|Any CPU
		{0AB5A9D0-D76D-4280-B68F-6C2B4E3ACCF7}.Debug|Any CPU.Build.0 = Debug|Any CPU
		{0AB5A9D0-D76D-4280-B68F-6C2B4E3ACCF7}.Release|Any CPU.ActiveCfg = Release|Any CPU
		{0AB5A9D0-D76D-4280-B68F-6C2B4E3ACCF7}.Release|Any CPU.Build.0 = Release|Any CPU
	EndGlobalSection
	GlobalSection(SolutionProperties) = preSolution
		HideSolutionNode = FALSE
	EndGlobalSection
	GlobalSection(NestedProjects) = preSolution
		{C2A714C7-42EF-4883-90AB-04A6AF52DAAB} = {D3B2F378-026B-409A-ADD2-2D8AEA18C8F7}
		{D1F34CFE-2816-48CF-B01B-C32FFA76C090} = {D3B2F378-026B-409A-ADD2-2D8AEA18C8F7}
		{775B27CB-6694-465D-ABBD-A8DB70CF3F9D} = {D1F34CFE-2816-48CF-B01B-C32FFA76C090}
		{49624D76-7B59-4DB6-8869-2D4CDA97F3B8} = {775B27CB-6694-465D-ABBD-A8DB70CF3F9D}
		{964428C8-DC52-45D5-8CB6-74431B86ED38} = {775B27CB-6694-465D-ABBD-A8DB70CF3F9D}
		{7618A3B0-51B5-44FD-833F-3F50D760AC67} = {775B27CB-6694-465D-ABBD-A8DB70CF3F9D}
		{CE7B2D54-B99C-4B10-BADF-C8157AA6776D} = {775B27CB-6694-465D-ABBD-A8DB70CF3F9D}
		{522CCDB0-D8E3-4654-B490-5AFCFF2600BC} = {D3B2F378-026B-409A-ADD2-2D8AEA18C8F7}
		{CA185462-2E2F-46B7-99BA-3266CF997B03} = {522CCDB0-D8E3-4654-B490-5AFCFF2600BC}
		{76C2134C-0D2B-4586-A0A6-8285A742118F} = {775B27CB-6694-465D-ABBD-A8DB70CF3F9D}
		{2CC9D595-8297-4882-8643-0063EFA6E5E3} = {D1F34CFE-2816-48CF-B01B-C32FFA76C090}
		{BFBD665A-1F6D-4734-999D-DE583D9B9509} = {2CC9D595-8297-4882-8643-0063EFA6E5E3}
		{505C1ACA-D8F1-4077-B64B-77D23297F59E} = {2CC9D595-8297-4882-8643-0063EFA6E5E3}
		{8AF82CFA-E50C-4A7D-A162-1AB1309D206F} = {2CC9D595-8297-4882-8643-0063EFA6E5E3}
		{EE25AA54-14EA-4C9F-8D0A-42D471BD87E8} = {2CC9D595-8297-4882-8643-0063EFA6E5E3}
		{1B1C5F5C-0EB3-4BA3-994B-2B9F61EDE234} = {2CC9D595-8297-4882-8643-0063EFA6E5E3}
		{950510C1-3C8F-4BA7-9DE3-0E3AB80741C8} = {C2A714C7-42EF-4883-90AB-04A6AF52DAAB}
		{1DCE821B-5D76-4AC6-B322-9B5F99856849} = {D3B2F378-026B-409A-ADD2-2D8AEA18C8F7}
		{0AB5A9D0-D76D-4280-B68F-6C2B4E3ACCF7} = {1DCE821B-5D76-4AC6-B322-9B5F99856849}
	EndGlobalSection
	GlobalSection(ExtensibilityGlobals) = postSolution
		SolutionGuid = {D3E66C6A-90DA-4ED2-A36B-4EE46A779FE4}
	EndGlobalSection
EndGlobal
